# THIS IS AN AUTOGENERATED FILE. DO NOT EDIT THIS FILE DIRECTLY.
# yarn lockfile v1


kinetic@^5.2.0:
  version "5.2.0"
  resolved "https://registry.yarnpkg.com/kinetic/-/kinetic-5.2.0.tgz#83c4c5eb5644f24e26e9b4b3858431970a30b75f"
  integrity sha1-g8TF61ZE8k4m6bSzhYQxlwowt18=

konva@^8.1.1:
  version "8.1.1"
  resolved "https://registry.yarnpkg.com/konva/-/konva-8.1.1.tgz#c92c3f81b371947eade7a8f76ee2df34c71b333c"
  integrity sha512-2jLijU0N2DNJwBoWzwyxHwqx4GLPjTppSD9TU/G49B2MJ8Sf10E7Y0EmuULjYcNDIFsY+3zMt0VFonKNfyz7WA==
